// !$*UTF8*$!
{
	archiveVersion = 1;
	classes = {
	};
	objectVersion = 50;
	objects = {

/* Begin PBXBuildFile section */
		FC38133C230A7B3F009E9BDA /* AppDelegate.swift in Sources */ = {isa = PBXBuildFile; fileRef = FC38133B230A7B3F009E9BDA /* AppDelegate.swift */; };
		FC381341230A7B3F009E9BDA /* Main.storyboard in Resources */ = {isa = PBXBuildFile; fileRef = FC38133F230A7B3F009E9BDA /* Main.storyboard */; };
		FC381343230A7B3F009E9BDA /* Assets.xcassets in Resources */ = {isa = PBXBuildFile; fileRef = FC381342230A7B3F009E9BDA /* Assets.xcassets */; };
		FC381346230A7B3F009E9BDA /* LaunchScreen.storyboard in Resources */ = {isa = PBXBuildFile; fileRef = FC381344230A7B3F009E9BDA /* LaunchScreen.storyboard */; };
		FC38134F230A7D0F009E9BDA /* WeatherListTableViewController.swift in Sources */ = {isa = PBXBuildFile; fileRef = FC38134E230A7D0F009E9BDA /* WeatherListTableViewController.swift */; };
		FC381351230A7D3D009E9BDA /* AddWeatherCityViewController.swift in Sources */ = {isa = PBXBuildFile; fileRef = FC381350230A7D3D009E9BDA /* AddWeatherCityViewController.swift */; };
		FC381394230A93E1009E9BDA /* WeatherCell.swift in Sources */ = {isa = PBXBuildFile; fileRef = FC381393230A93E1009E9BDA /* WeatherCell.swift */; };
		FC381397230B9FCF009E9BDA /* WebService.swift in Sources */ = {isa = PBXBuildFile; fileRef = FC381396230B9FCF009E9BDA /* WebService.swift */; };
		FC38139A230BBBC1009E9BDA /* WeatherListViewModel.swift in Sources */ = {isa = PBXBuildFile; fileRef = FC381399230BBBC1009E9BDA /* WeatherListViewModel.swift */; };
		FC38139D230BCC23009E9BDA /* Double+Extensions.swift in Sources */ = {isa = PBXBuildFile; fileRef = FC38139C230BCC23009E9BDA /* Double+Extensions.swift */; };
		FC38139F230BD679009E9BDA /* SettingsTableViewController.swift in Sources */ = {isa = PBXBuildFile; fileRef = FC38139E230BD679009E9BDA /* SettingsTableViewController.swift */; };
		FC3813A1230BD92F009E9BDA /* SettingsViewModel.swift in Sources */ = {isa = PBXBuildFile; fileRef = FC3813A0230BD92F009E9BDA /* SettingsViewModel.swift */; };
		FCB709F3230CD7D60053F395 /* AddCityViewModel.swift in Sources */ = {isa = PBXBuildFile; fileRef = FCB709F2230CD7D60053F395 /* AddCityViewModel.swift */; };
		FCB709F7230CD8A30053F395 /* BindingTextField.swift in Sources */ = {isa = PBXBuildFile; fileRef = FCB709F6230CD8A30053F395 /* BindingTextField.swift */; };
		FCB709F9230CE3A40053F395 /* WeatherDetailViewController.swift in Sources */ = {isa = PBXBuildFile; fileRef = FCB709F8230CE3A40053F395 /* WeatherDetailViewController.swift */; };
		FCB709FC230D11F90053F395 /* WeatherDataSource.swift in Sources */ = {isa = PBXBuildFile; fileRef = FCB709FB230D11F90053F395 /* WeatherDataSource.swift */; };
		FCB709FE230D17DB0053F395 /* TableViewDataSource.swift in Sources */ = {isa = PBXBuildFile; fileRef = FCB709FD230D17DB0053F395 /* TableViewDataSource.swift */; };
/* End PBXBuildFile section */

/* Begin PBXFileReference section */
		FC381338230A7B3F009E9BDA /* GoodWheather.app */ = {isa = PBXFileReference; explicitFileType = wrapper.application; includeInIndex = 0; path = GoodWheather.app; sourceTree = BUILT_PRODUCTS_DIR; };
		FC38133B230A7B3F009E9BDA /* AppDelegate.swift */ = {isa = PBXFileReference; lastKnownFileType = sourcecode.swift; path = AppDelegate.swift; sourceTree = "<group>"; };
		FC381340230A7B3F009E9BDA /* Base */ = {isa = PBXFileReference; lastKnownFileType = file.storyboard; name = Base; path = Base.lproj/Main.storyboard; sourceTree = "<group>"; };
		FC381342230A7B3F009E9BDA /* Assets.xcassets */ = {isa = PBXFileReference; lastKnownFileType = folder.assetcatalog; path = Assets.xcassets; sourceTree = "<group>"; };
		FC381345230A7B3F009E9BDA /* Base */ = {isa = PBXFileReference; lastKnownFileType = file.storyboard; name = Base; path = Base.lproj/LaunchScreen.storyboard; sourceTree = "<group>"; };
		FC381347230A7B3F009E9BDA /* Info.plist */ = {isa = PBXFileReference; lastKnownFileType = text.plist.xml; path = Info.plist; sourceTree = "<group>"; };
		FC38134E230A7D0F009E9BDA /* WeatherListTableViewController.swift */ = {isa = PBXFileReference; lastKnownFileType = sourcecode.swift; path = WeatherListTableViewController.swift; sourceTree = "<group>"; };
		FC381350230A7D3D009E9BDA /* AddWeatherCityViewController.swift */ = {isa = PBXFileReference; lastKnownFileType = sourcecode.swift; path = AddWeatherCityViewController.swift; sourceTree = "<group>"; };
		FC381393230A93E1009E9BDA /* WeatherCell.swift */ = {isa = PBXFileReference; lastKnownFileType = sourcecode.swift; path = WeatherCell.swift; sourceTree = "<group>"; };
		FC381396230B9FCF009E9BDA /* WebService.swift */ = {isa = PBXFileReference; lastKnownFileType = sourcecode.swift; path = WebService.swift; sourceTree = "<group>"; };
		FC381399230BBBC1009E9BDA /* WeatherListViewModel.swift */ = {isa = PBXFileReference; lastKnownFileType = sourcecode.swift; path = WeatherListViewModel.swift; sourceTree = "<group>"; };
		FC38139C230BCC23009E9BDA /* Double+Extensions.swift */ = {isa = PBXFileReference; lastKnownFileType = sourcecode.swift; path = "Double+Extensions.swift"; sourceTree = "<group>"; };
		FC38139E230BD679009E9BDA /* SettingsTableViewController.swift */ = {isa = PBXFileReference; lastKnownFileType = sourcecode.swift; path = SettingsTableViewController.swift; sourceTree = "<group>"; };
		FC3813A0230BD92F009E9BDA /* SettingsViewModel.swift */ = {isa = PBXFileReference; lastKnownFileType = sourcecode.swift; path = SettingsViewModel.swift; sourceTree = "<group>"; };
		FCB709F2230CD7D60053F395 /* AddCityViewModel.swift */ = {isa = PBXFileReference; lastKnownFileType = sourcecode.swift; path = AddCityViewModel.swift; sourceTree = "<group>"; };
		FCB709F6230CD8A30053F395 /* BindingTextField.swift */ = {isa = PBXFileReference; lastKnownFileType = sourcecode.swift; path = BindingTextField.swift; sourceTree = "<group>"; };
		FCB709F8230CE3A40053F395 /* WeatherDetailViewController.swift */ = {isa = PBXFileReference; lastKnownFileType = sourcecode.swift; path = WeatherDetailViewController.swift; sourceTree = "<group>"; };
		FCB709FB230D11F90053F395 /* WeatherDataSource.swift */ = {isa = PBXFileReference; lastKnownFileType = sourcecode.swift; path = WeatherDataSource.swift; sourceTree = "<group>"; };
		FCB709FD230D17DB0053F395 /* TableViewDataSource.swift */ = {isa = PBXFileReference; lastKnownFileType = sourcecode.swift; path = TableViewDataSource.swift; sourceTree = "<group>"; };
/* End PBXFileReference section */

/* Begin PBXFrameworksBuildPhase section */
		FC381335230A7B3F009E9BDA /* Frameworks */ = {
			isa = PBXFrameworksBuildPhase;
			buildActionMask = 2147483647;
			files = (
			);
			runOnlyForDeploymentPostprocessing = 0;
		};
/* End PBXFrameworksBuildPhase section */

/* Begin PBXGroup section */
		FC38132F230A7B3F009E9BDA = {
			isa = PBXGroup;
			children = (
				FC38133A230A7B3F009E9BDA /* GoodWheather */,
				FC381339230A7B3F009E9BDA /* Products */,
			);
			sourceTree = "<group>";
		};
		FC381339230A7B3F009E9BDA /* Products */ = {
			isa = PBXGroup;
			children = (
				FC381338230A7B3F009E9BDA /* GoodWheather.app */,
			);
			name = Products;
			sourceTree = "<group>";
		};
		FC38133A230A7B3F009E9BDA /* GoodWheather */ = {
			isa = PBXGroup;
			children = (
				FCB709FA230D11EA0053F395 /* Data Sources */,
				FCB709F5230CD8870053F395 /* Custom Controls */,
				FC38139B230BCBE2009E9BDA /* Extensions */,
				FC381398230BBBAE009E9BDA /* View Models */,
				FC381395230B9FC4009E9BDA /* Services */,
				FC381392230A93C4009E9BDA /* Custom Cells */,
				FC38134D230A7CCE009E9BDA /* Controllers */,
				FC38133B230A7B3F009E9BDA /* AppDelegate.swift */,
				FC38133F230A7B3F009E9BDA /* Main.storyboard */,
				FC381342230A7B3F009E9BDA /* Assets.xcassets */,
				FC381344230A7B3F009E9BDA /* LaunchScreen.storyboard */,
				FC381347230A7B3F009E9BDA /* Info.plist */,
			);
			path = GoodWheather;
			sourceTree = "<group>";
		};
		FC38134D230A7CCE009E9BDA /* Controllers */ = {
			isa = PBXGroup;
			children = (
				FC38134E230A7D0F009E9BDA /* WeatherListTableViewController.swift */,
				FC381350230A7D3D009E9BDA /* AddWeatherCityViewController.swift */,
				FC38139E230BD679009E9BDA /* SettingsTableViewController.swift */,
				FCB709F8230CE3A40053F395 /* WeatherDetailViewController.swift */,
			);
			path = Controllers;
			sourceTree = "<group>";
		};
		FC381392230A93C4009E9BDA /* Custom Cells */ = {
			isa = PBXGroup;
			children = (
				FC381393230A93E1009E9BDA /* WeatherCell.swift */,
			);
			path = "Custom Cells";
			sourceTree = "<group>";
		};
		FC381395230B9FC4009E9BDA /* Services */ = {
			isa = PBXGroup;
			children = (
				FC381396230B9FCF009E9BDA /* WebService.swift */,
			);
			path = Services;
			sourceTree = "<group>";
		};
		FC381398230BBBAE009E9BDA /* View Models */ = {
			isa = PBXGroup;
			children = (
				FC381399230BBBC1009E9BDA /* WeatherListViewModel.swift */,
				FC3813A0230BD92F009E9BDA /* SettingsViewModel.swift */,
				FCB709F2230CD7D60053F395 /* AddCityViewModel.swift */,
			);
			path = "View Models";
			sourceTree = "<group>";
		};
		FC38139B230BCBE2009E9BDA /* Extensions */ = {
			isa = PBXGroup;
			children = (
				FC38139C230BCC23009E9BDA /* Double+Extensions.swift */,
			);
			path = Extensions;
			sourceTree = "<group>";
		};
		FCB709F5230CD8870053F395 /* Custom Controls */ = {
			isa = PBXGroup;
			children = (
				FCB709F6230CD8A30053F395 /* BindingTextField.swift */,
			);
			path = "Custom Controls";
			sourceTree = "<group>";
		};
		FCB709FA230D11EA0053F395 /* Data Sources */ = {
			isa = PBXGroup;
			children = (
				FCB709FB230D11F90053F395 /* WeatherDataSource.swift */,
				FCB709FD230D17DB0053F395 /* TableViewDataSource.swift */,
			);
			path = "Data Sources";
			sourceTree = "<group>";
		};
/* End PBXGroup section */

/* Begin PBXNativeTarget section */
		FC381337230A7B3F009E9BDA /* GoodWheather */ = {
			isa = PBXNativeTarget;
			buildConfigurationList = FC38134A230A7B3F009E9BDA /* Build configuration list for PBXNativeTarget "GoodWheather" */;
			buildPhases = (
				FC381334230A7B3F009E9BDA /* Sources */,
				FC381335230A7B3F009E9BDA /* Frameworks */,
				FC381336230A7B3F009E9BDA /* Resources */,
			);
			buildRules = (
			);
			dependencies = (
			);
			name = GoodWheather;
			productName = GoodWheather;
			productReference = FC381338230A7B3F009E9BDA /* GoodWheather.app */;
			productType = "com.apple.product-type.application";
		};
/* End PBXNativeTarget section */

/* Begin PBXProject section */
		FC381330230A7B3F009E9BDA /* Project object */ = {
			isa = PBXProject;
			attributes = {
				LastSwiftUpdateCheck = 1030;
				LastUpgradeCheck = 1030;
				ORGANIZATIONNAME = omrobbie;
				TargetAttributes = {
					FC381337230A7B3F009E9BDA = {
						CreatedOnToolsVersion = 10.3;
					};
				};
			};
			buildConfigurationList = FC381333230A7B3F009E9BDA /* Build configuration list for PBXProject "GoodWheather" */;
			compatibilityVersion = "Xcode 9.3";
			developmentRegion = en;
			hasScannedForEncodings = 0;
			knownRegions = (
				en,
				Base,
			);
			mainGroup = FC38132F230A7B3F009E9BDA;
			productRefGroup = FC381339230A7B3F009E9BDA /* Products */;
			projectDirPath = "";
			projectRoot = "";
			targets = (
				FC381337230A7B3F009E9BDA /* GoodWheather */,
			);
		};
/* End PBXProject section */

/* Begin PBXResourcesBuildPhase section */
		FC381336230A7B3F009E9BDA /* Resources */ = {
			isa = PBXResourcesBuildPhase;
			buildActionMask = 2147483647;
			files = (
				FC381346230A7B3F009E9BDA /* LaunchScreen.storyboard in Resources */,
				FC381343230A7B3F009E9BDA /* Assets.xcassets in Resources */,
				FC381341230A7B3F009E9BDA /* Main.storyboard in Resources */,
			);
			runOnlyForDeploymentPostprocessing = 0;
		};
/* End PBXResourcesBuildPhase section */

/* Begin PBXSourcesBuildPhase section */
		FC381334230A7B3F009E9BDA /* Sources */ = {
			isa = PBXSourcesBuildPhase;
			buildActionMask = 2147483647;
			files = (
				FC381394230A93E1009E9BDA /* WeatherCell.swift in Sources */,
				FC38134F230A7D0F009E9BDA /* WeatherListTableViewController.swift in Sources */,
				FC38139D230BCC23009E9BDA /* Double+Extensions.swift in Sources */,
				FC381351230A7D3D009E9BDA /* AddWeatherCityViewController.swift in Sources */,
				FC38139F230BD679009E9BDA /* SettingsTableViewController.swift in Sources */,
				FCB709F3230CD7D60053F395 /* AddCityViewModel.swift in Sources */,
				FCB709FC230D11F90053F395 /* WeatherDataSource.swift in Sources */,
				FCB709F9230CE3A40053F395 /* WeatherDetailViewController.swift in Sources */,
				FC38139A230BBBC1009E9BDA /* WeatherListViewModel.swift in Sources */,
				FC381397230B9FCF009E9BDA /* WebService.swift in Sources */,
				FCB709F7230CD8A30053F395 /* BindingTextField.swift in Sources */,
				FC38133C230A7B3F009E9BDA /* AppDelegate.swift in Sources */,
				FCB709FE230D17DB0053F395 /* TableViewDataSource.swift in Sources */,
				FC3813A1230BD92F009E9BDA /* SettingsViewModel.swift in Sources */,
			);
			runOnlyForDeploymentPostprocessing = 0;
		};
/* End PBXSourcesBuildPhase section */

/* Begin PBXVariantGroup section */
		FC38133F230A7B3F009E9BDA /* Main.storyboard */ = {
			isa = PBXVariantGroup;
			children = (
				FC381340230A7B3F009E9BDA /* Base */,
			);
			name = Main.storyboard;
			sourceTree = "<group>";
		};
		FC381344230A7B3F009E9BDA /* LaunchScreen.storyboard */ = {
			isa = PBXVariantGroup;
			children = (
				FC381345230A7B3F009E9BDA /* Base */,
			);
			name = LaunchScreen.storyboard;
			sourceTree = "<group>";
		};
/* End PBXVariantGroup section */

/* Begin XCBuildConfiguration section */
		FC381348230A7B3F009E9BDA /* Debug */ = {
			isa = XCBuildConfiguration;
			buildSettings = {
				ALWAYS_SEARCH_USER_PATHS = NO;
				CLANG_ANALYZER_NONNULL = YES;
				CLANG_ANALYZER_NUMBER_OBJECT_CONVERSION = YES_AGGRESSIVE;
				CLANG_CXX_LANGUAGE_STANDARD = "gnu++14";
				CLANG_CXX_LIBRARY = "libc++";
				CLANG_ENABLE_MODULES = YES;
				CLANG_ENABLE_OBJC_ARC = YES;
				CLANG_ENABLE_OBJC_WEAK = YES;
				CLANG_WARN_BLOCK_CAPTURE_AUTORELEASING = YES;
				CLANG_WARN_BOOL_CONVERSION = YES;
				CLANG_WARN_COMMA = YES;
				CLANG_WARN_CONSTANT_CONVERSION = YES;
				CLANG_WARN_DEPRECATED_OBJC_IMPLEMENTATIONS = YES;
				CLANG_WARN_DIRECT_OBJC_ISA_USAGE = YES_ERROR;
				CLANG_WARN_DOCUMENTATION_COMMENTS = YES;
				CLANG_WARN_EMPTY_BODY = YES;
				CLANG_WARN_ENUM_CONVERSION = YES;
				CLANG_WARN_INFINITE_RECURSION = YES;
				CLANG_WARN_INT_CONVERSION = YES;
				CLANG_WARN_NON_LITERAL_NULL_CONVERSION = YES;
				CLANG_WARN_OBJC_IMPLICIT_RETAIN_SELF = YES;
				CLANG_WARN_OBJC_LITERAL_CONVERSION = YES;
				CLANG_WARN_OBJC_ROOT_CLASS = YES_ERROR;
				CLANG_WARN_RANGE_LOOP_ANALYSIS = YES;
				CLANG_WARN_STRICT_PROTOTYPES = YES;
				CLANG_WARN_SUSPICIOUS_MOVE = YES;
				CLANG_WARN_UNGUARDED_AVAILABILITY = YES_AGGRESSIVE;
				CLANG_WARN_UNREACHABLE_CODE = YES;
				CLANG_WARN__DUPLICATE_METHOD_MATCH = YES;
				CODE_SIGN_IDENTITY = "iPhone Developer";
				COPY_PHASE_STRIP = NO;
				DEBUG_INFORMATION_FORMAT = dwarf;
				ENABLE_STRICT_OBJC_MSGSEND = YES;
				ENABLE_TESTABILITY = YES;
				GCC_C_LANGUAGE_STANDARD = gnu11;
				GCC_DYNAMIC_NO_PIC = NO;
				GCC_NO_COMMON_BLOCKS = YES;
				GCC_OPTIMIZATION_LEVEL = 0;
				GCC_PREPROCESSOR_DEFINITIONS = (
					"DEBUG=1",
					"$(inherited)",
				);
				GCC_WARN_64_TO_32_BIT_CONVERSION = YES;
				GCC_WARN_ABOUT_RETURN_TYPE = YES_ERROR;
				GCC_WARN_UNDECLARED_SELECTOR = YES;
				GCC_WARN_UNINITIALIZED_AUTOS = YES_AGGRESSIVE;
				GCC_WARN_UNUSED_FUNCTION = YES;
				GCC_WARN_UNUSED_VARIABLE = YES;
				IPHONEOS_DEPLOYMENT_TARGET = 12.4;
				MTL_ENABLE_DEBUG_INFO = INCLUDE_SOURCE;
				MTL_FAST_MATH = YES;
				ONLY_ACTIVE_ARCH = YES;
				SDKROOT = iphoneos;
				SWIFT_ACTIVE_COMPILATION_CONDITIONS = DEBUG;
				SWIFT_OPTIMIZATION_LEVEL = "-Onone";
			};
			name = Debug;
		};
		FC381349230A7B3F009E9BDA /* Release */ = {
			isa = XCBuildConfiguration;
			buildSettings = {
				ALWAYS_SEARCH_USER_PATHS = NO;
				CLANG_ANALYZER_NONNULL = YES;
				CLANG_ANALYZER_NUMBER_OBJECT_CONVERSION = YES_AGGRESSIVE;
				CLANG_CXX_LANGUAGE_STANDARD = "gnu++14";
				CLANG_CXX_LIBRARY = "libc++";
				CLANG_ENABLE_MODULES = YES;
				CLANG_ENABLE_OBJC_ARC = YES;
				CLANG_ENABLE_OBJC_WEAK = YES;
				CLANG_WARN_BLOCK_CAPTURE_AUTORELEASING = YES;
				CLANG_WARN_BOOL_CONVERSION = YES;
				CLANG_WARN_COMMA = YES;
				CLANG_WARN_CONSTANT_CONVERSION = YES;
				CLANG_WARN_DEPRECATED_OBJC_IMPLEMENTATIONS = YES;
				CLANG_WARN_DIRECT_OBJC_ISA_USAGE = YES_ERROR;
				CLANG_WARN_DOCUMENTATION_COMMENTS = YES;
				CLANG_WARN_EMPTY_BODY = YES;
				CLANG_WARN_ENUM_CONVERSION = YES;
				CLANG_WARN_INFINITE_RECURSION = YES;
				CLANG_WARN_INT_CONVERSION = YES;
				CLANG_WARN_NON_LITERAL_NULL_CONVERSION = YES;
				CLANG_WARN_OBJC_IMPLICIT_RETAIN_SELF = YES;
				CLANG_WARN_OBJC_LITERAL_CONVERSION = YES;
				CLANG_WARN_OBJC_ROOT_CLASS = YES_ERROR;
				CLANG_WARN_RANGE_LOOP_ANALYSIS = YES;
				CLANG_WARN_STRICT_PROTOTYPES = YES;
				CLANG_WARN_SUSPICIOUS_MOVE = YES;
				CLANG_WARN_UNGUARDED_AVAILABILITY = YES_AGGRESSIVE;
				CLANG_WARN_UNREACHABLE_CODE = YES;
				CLANG_WARN__DUPLICATE_METHOD_MATCH = YES;
				CODE_SIGN_IDENTITY = "iPhone Developer";
				COPY_PHASE_STRIP = NO;
				DEBUG_INFORMATION_FORMAT = "dwarf-with-dsym";
				ENABLE_NS_ASSERTIONS = NO;
				ENABLE_STRICT_OBJC_MSGSEND = YES;
				GCC_C_LANGUAGE_STANDARD = gnu11;
				GCC_NO_COMMON_BLOCKS = YES;
				GCC_WARN_64_TO_32_BIT_CONVERSION = YES;
				GCC_WARN_ABOUT_RETURN_TYPE = YES_ERROR;
				GCC_WARN_UNDECLARED_SELECTOR = YES;
				GCC_WARN_UNINITIALIZED_AUTOS = YES_AGGRESSIVE;
				GCC_WARN_UNUSED_FUNCTION = YES;
				GCC_WARN_UNUSED_VARIABLE = YES;
				IPHONEOS_DEPLOYMENT_TARGET = 12.4;
				MTL_ENABLE_DEBUG_INFO = NO;
				MTL_FAST_MATH = YES;
				SDKROOT = iphoneos;
				SWIFT_COMPILATION_MODE = wholemodule;
				SWIFT_OPTIMIZATION_LEVEL = "-O";
				VALIDATE_PRODUCT = YES;
			};
			name = Release;
		};
		FC38134B230A7B3F009E9BDA /* Debug */ = {
			isa = XCBuildConfiguration;
			buildSettings = {
				ASSETCATALOG_COMPILER_APPICON_NAME = AppIcon;
				CODE_SIGN_STYLE = Automatic;
				DEVELOPMENT_TEAM = 3SMXMP42NY;
				INFOPLIST_FILE = GoodWheather/Info.plist;
				LD_RUNPATH_SEARCH_PATHS = (
					"$(inherited)",
					"@executable_path/Frameworks",
				);
				PRODUCT_BUNDLE_IDENTIFIER = com.omrobbie.GoodWheather;
				PRODUCT_NAME = "$(TARGET_NAME)";
				SWIFT_VERSION = 5.0;
				TARGETED_DEVICE_FAMILY = "1,2";
			};
			name = Debug;
		};
		FC38134C230A7B3F009E9BDA /* Release */ = {
			isa = XCBuildConfiguration;
			buildSettings = {
				ASSETCATALOG_COMPILER_APPICON_NAME = AppIcon;
				CODE_SIGN_STYLE = Automatic;
				DEVELOPMENT_TEAM = 3SMXMP42NY;
				INFOPLIST_FILE = GoodWheather/Info.plist;
				LD_RUNPATH_SEARCH_PATHS = (
					"$(inherited)",
					"@executable_path/Frameworks",
				);
				PRODUCT_BUNDLE_IDENTIFIER = com.omrobbie.GoodWheather;
				PRODUCT_NAME = "$(TARGET_NAME)";
				SWIFT_VERSION = 5.0;
				TARGETED_DEVICE_FAMILY = "1,2";
			};
			name = Release;
		};
/* End XCBuildConfiguration section */

/* Begin XCConfigurationList section */
		FC381333230A7B3F009E9BDA /* Build configuration list for PBXProject "GoodWheather" */ = {
			isa = XCConfigurationList;
			buildConfigurations = (
				FC381348230A7B3F009E9BDA /* Debug */,
				FC381349230A7B3F009E9BDA /* Release */,
			);
			defaultConfigurationIsVisible = 0;
			defaultConfigurationName = Release;
		};
		FC38134A230A7B3F009E9BDA /* Build configuration list for PBXNativeTarget "GoodWheather" */ = {
			isa = XCConfigurationList;
			buildConfigurations = (
				FC38134B230A7B3F009E9BDA /* Debug */,
				FC38134C230A7B3F009E9BDA /* Release */,
			);
			defaultConfigurationIsVisible = 0;
			defaultConfigurationName = Release;
		};
/* End XCConfigurationList section */
	};
	rootObject = FC381330230A7B3F009E9BDA /* Project object */;
}
